// !$*UTF8*$!
{
	archiveVersion = 1;
	classes = {
	};
	objectVersion = 70;
	objects = {

/* Begin PBXBuildFile section */
		7528ABF02CF6000800AFA17A /* SwiftCBOR in Frameworks */ = {isa = PBXBuildFile; productRef = 7528ABEF2CF6000800AFA17A /* SwiftCBOR */; };
		7544570425CAE2D50011386C /* TPInAppReceipt in Frameworks */ = {isa = PBXBuildFile; productRef = 7544570325CAE2D50011386C /* TPInAppReceipt */; };
		757C51CF29F17D3C008986F4 /* DomainParser in Frameworks */ = {isa = PBXBuildFile; productRef = 757C51CE29F17D3C008986F4 /* DomainParser */; };
/* End PBXBuildFile section */

/* Begin PBXFileReference section */
		75D0C76A2174AF1F00C64C93 /* KeePassiumLib.framework */ = {isa = PBXFileReference; explicitFileType = wrapper.framework; includeInIndex = 0; path = KeePassiumLib.framework; sourceTree = BUILT_PRODUCTS_DIR; };
/* End PBXFileReference section */

/* Begin PBXFileSystemSynchronizedBuildFileExceptionSet section */
		753F49AA2E28575500F4C290 /* PBXFileSystemSynchronizedBuildFileExceptionSet */ = {
			isa = PBXFileSystemSynchronizedBuildFileExceptionSet;
			membershipExceptions = (
				AEXML/LICENSE,
				AEXML/README.md,
				GzipSwift/LICENSE,
				GzipSwift/README.md,
				Info.plist,
			);
			publicHeaders = (
				crypto/aeskdf/aeskdf.h,
				crypto/argon2/argon2.h,
				crypto/chacha20/chacha20.h,
				crypto/salsa20/salsa20.h,
				crypto/twofish/twofish.h,
				KeePassiumLib.h,
			);
			target = 75D0C7692174AF1F00C64C93 /* KeePassiumLib */;
		};
/* End PBXFileSystemSynchronizedBuildFileExceptionSet section */

/* Begin PBXFileSystemSynchronizedRootGroup section */
		753F489C2E28575500F4C290 /* KeePassiumLib */ = {isa = PBXFileSystemSynchronizedRootGroup; exceptions = (753F49AA2E28575500F4C290 /* PBXFileSystemSynchronizedBuildFileExceptionSet */, ); explicitFileTypes = {}; explicitFolders = (); path = KeePassiumLib; sourceTree = "<group>"; };
/* End PBXFileSystemSynchronizedRootGroup section */

/* Begin PBXFrameworksBuildPhase section */
		75D0C7672174AF1F00C64C93 /* Frameworks */ = {
			isa = PBXFrameworksBuildPhase;
			buildActionMask = 2147483647;
			files = (
				7544570425CAE2D50011386C /* TPInAppReceipt in Frameworks */,
				757C51CF29F17D3C008986F4 /* DomainParser in Frameworks */,
				7528ABF02CF6000800AFA17A /* SwiftCBOR in Frameworks */,
			);
			runOnlyForDeploymentPostprocessing = 0;
		};
/* End PBXFrameworksBuildPhase section */

/* Begin PBXGroup section */
		75D0C7602174AF1F00C64C93 = {
			isa = PBXGroup;
			children = (
				753F489C2E28575500F4C290 /* KeePassiumLib */,
				75D0C76B2174AF1F00C64C93 /* Products */,
			);
			indentWidth = 4;
			sourceTree = "<group>";
			tabWidth = 4;
		};
		75D0C76B2174AF1F00C64C93 /* Products */ = {
			isa = PBXGroup;
			children = (
				75D0C76A2174AF1F00C64C93 /* KeePassiumLib.framework */,
			);
			name = Products;
			sourceTree = "<group>";
		};
/* End PBXGroup section */

/* Begin PBXHeadersBuildPhase section */
		75D0C7652174AF1F00C64C93 /* Headers */ = {
			isa = PBXHeadersBuildPhase;
			buildActionMask = 2147483647;
			files = (
			);
			runOnlyForDeploymentPostprocessing = 0;
		};
/* End PBXHeadersBuildPhase section */

/* Begin PBXNativeTarget section */
		75D0C7692174AF1F00C64C93 /* KeePassiumLib */ = {
			isa = PBXNativeTarget;
			buildConfigurationList = 75D0C77E2174AF2000C64C93 /* Build configuration list for PBXNativeTarget "KeePassiumLib" */;
			buildPhases = (
				75D0C7652174AF1F00C64C93 /* Headers */,
				F34929382AD5F01B00A08C9F /* SwiftLint */,
				75D0C7662174AF1F00C64C93 /* Sources */,
				75D0C7672174AF1F00C64C93 /* Frameworks */,
				75D0C7682174AF1F00C64C93 /* Resources */,
			);
			buildRules = (
			);
			dependencies = (
			);
			fileSystemSynchronizedGroups = (
				753F489C2E28575500F4C290 /* KeePassiumLib */,
			);
			name = KeePassiumLib;
			packageProductDependencies = (
				7544570325CAE2D50011386C /* TPInAppReceipt */,
				757C51CE29F17D3C008986F4 /* DomainParser */,
				7528ABEF2CF6000800AFA17A /* SwiftCBOR */,
			);
			productName = KeePassiumLib;
			productReference = 75D0C76A2174AF1F00C64C93 /* KeePassiumLib.framework */;
			productType = "com.apple.product-type.framework";
		};
/* End PBXNativeTarget section */

/* Begin PBXProject section */
		75D0C7612174AF1F00C64C93 /* Project object */ = {
			isa = PBXProject;
			attributes = {
				LastSwiftUpdateCheck = 1020;
				LastUpgradeCheck = 1250;
				ORGANIZATIONNAME = "Andrei Popleteev";
				TargetAttributes = {
					75D0C7692174AF1F00C64C93 = {
						CreatedOnToolsVersion = 10.0;
						LastSwiftMigration = 1150;
					};
				};
			};
			buildConfigurationList = 75D0C7642174AF1F00C64C93 /* Build configuration list for PBXProject "KeePassiumLib" */;
			compatibilityVersion = "Xcode 9.3";
			developmentRegion = en;
			hasScannedForEncodings = 0;
			knownRegions = (
				en,
				ru,
				Base,
				nl,
				"zh-Hant",
				"zh-Hans",
				de,
				cs,
				sv,
				es,
				fr,
				it,
				ja,
				ar,
				pl,
				"pt-BR",
				sk,
				tr,
				th,
				ko,
				uk,
				pt,
			);
			mainGroup = 75D0C7602174AF1F00C64C93;
			packageReferences = (
				7544570225CAE2D50011386C /* XCRemoteSwiftPackageReference "TPInAppReceipt" */,
				757C51CD29F17D3C008986F4 /* XCRemoteSwiftPackageReference "SwiftDomainParser" */,
				7528ABEE2CF6000800AFA17A /* XCRemoteSwiftPackageReference "SwiftCBOR" */,
			);
			productRefGroup = 75D0C76B2174AF1F00C64C93 /* Products */;
			projectDirPath = "";
			projectRoot = "";
			targets = (
				75D0C7692174AF1F00C64C93 /* KeePassiumLib */,
			);
		};
/* End PBXProject section */

/* Begin PBXResourcesBuildPhase section */
		75D0C7682174AF1F00C64C93 /* Resources */ = {
			isa = PBXResourcesBuildPhase;
			buildActionMask = 2147483647;
			files = (
			);
			runOnlyForDeploymentPostprocessing = 0;
		};
/* End PBXResourcesBuildPhase section */

/* Begin PBXShellScriptBuildPhase section */
		F34929382AD5F01B00A08C9F /* SwiftLint */ = {
			isa = PBXShellScriptBuildPhase;
			alwaysOutOfDate = 1;
			buildActionMask = 2147483647;
			files = (
			);
			inputFileListPaths = (
			);
			inputPaths = (
			);
			name = SwiftLint;
			outputFileListPaths = (
			);
			outputPaths = (
			);
			runOnlyForDeploymentPostprocessing = 0;
			shellPath = /bin/sh;
			shellScript = "if [[ \"$(uname -m)\" == arm64 ]]; then\n    export PATH=\"/opt/homebrew/bin:$PATH\"\nfi\n\nif which swiftlint > /dev/null; then\n  swiftlint\nelse\n  echo \"warning: SwiftLint not installed, download from https://github.com/realm/SwiftLint\"\nfi\n";
		};
/* End PBXShellScriptBuildPhase section */

/* Begin PBXSourcesBuildPhase section */
		75D0C7662174AF1F00C64C93 /* Sources */ = {
			isa = PBXSourcesBuildPhase;
			buildActionMask = 2147483647;
			files = (
			);
			runOnlyForDeploymentPostprocessing = 0;
		};
/* End PBXSourcesBuildPhase section */

/* Begin XCBuildConfiguration section */
		75D0C77C2174AF2000C64C93 /* Debug */ = {
			isa = XCBuildConfiguration;
			buildSettings = {
				ALWAYS_SEARCH_USER_PATHS = NO;
				CLANG_ANALYZER_LOCALIZABILITY_NONLOCALIZED = YES;
				CLANG_ANALYZER_NONNULL = YES;
				CLANG_ANALYZER_NUMBER_OBJECT_CONVERSION = YES_AGGRESSIVE;
				CLANG_CXX_LANGUAGE_STANDARD = "gnu++14";
				CLANG_CXX_LIBRARY = "libc++";
				CLANG_ENABLE_MODULES = YES;
				CLANG_ENABLE_OBJC_ARC = YES;
				CLANG_ENABLE_OBJC_WEAK = YES;
				CLANG_WARN_BLOCK_CAPTURE_AUTORELEASING = YES;
				CLANG_WARN_BOOL_CONVERSION = YES;
				CLANG_WARN_COMMA = YES;
				CLANG_WARN_CONSTANT_CONVERSION = YES;
				CLANG_WARN_DEPRECATED_OBJC_IMPLEMENTATIONS = YES;
				CLANG_WARN_DIRECT_OBJC_ISA_USAGE = YES_ERROR;
				CLANG_WARN_DOCUMENTATION_COMMENTS = YES;
				CLANG_WARN_EMPTY_BODY = YES;
				CLANG_WARN_ENUM_CONVERSION = YES;
				CLANG_WARN_INFINITE_RECURSION = YES;
				CLANG_WARN_INT_CONVERSION = YES;
				CLANG_WARN_NON_LITERAL_NULL_CONVERSION = YES;
				CLANG_WARN_OBJC_IMPLICIT_RETAIN_SELF = YES;
				CLANG_WARN_OBJC_LITERAL_CONVERSION = YES;
				CLANG_WARN_OBJC_ROOT_CLASS = YES_ERROR;
				CLANG_WARN_QUOTED_INCLUDE_IN_FRAMEWORK_HEADER = YES;
				CLANG_WARN_RANGE_LOOP_ANALYSIS = YES;
				CLANG_WARN_STRICT_PROTOTYPES = YES;
				CLANG_WARN_SUSPICIOUS_MOVE = YES;
				CLANG_WARN_UNGUARDED_AVAILABILITY = YES_AGGRESSIVE;
				CLANG_WARN_UNREACHABLE_CODE = YES;
				CLANG_WARN__DUPLICATE_METHOD_MATCH = YES;
				CODE_SIGN_IDENTITY = "iPhone Developer";
				COPY_PHASE_STRIP = NO;
				CURRENT_PROJECT_VERSION = 1;
				DEBUG_INFORMATION_FORMAT = dwarf;
				ENABLE_STRICT_OBJC_MSGSEND = YES;
				ENABLE_TESTABILITY = YES;
				GCC_C_LANGUAGE_STANDARD = gnu11;
				GCC_DYNAMIC_NO_PIC = NO;
				GCC_NO_COMMON_BLOCKS = YES;
				GCC_OPTIMIZATION_LEVEL = 0;
				GCC_PREPROCESSOR_DEFINITIONS = (
					"DEBUG=1",
					"$(inherited)",
				);
				GCC_WARN_64_TO_32_BIT_CONVERSION = YES;
				GCC_WARN_ABOUT_RETURN_TYPE = YES_ERROR;
				GCC_WARN_UNDECLARED_SELECTOR = YES;
				GCC_WARN_UNINITIALIZED_AUTOS = YES_AGGRESSIVE;
				GCC_WARN_UNUSED_FUNCTION = YES;
				GCC_WARN_UNUSED_VARIABLE = YES;
				IPHONEOS_DEPLOYMENT_TARGET = 17.0;
				LLVM_LTO = YES;
				MACOSX_DEPLOYMENT_TARGET = 14.0;
				MTL_ENABLE_DEBUG_INFO = INCLUDE_SOURCE;
				MTL_FAST_MATH = YES;
				ONLY_ACTIVE_ARCH = YES;
				SDKROOT = iphoneos;
				SWIFT_ACTIVE_COMPILATION_CONDITIONS = DEBUG;
				SWIFT_OPTIMIZATION_LEVEL = "-Onone";
				VERSIONING_SYSTEM = "apple-generic";
				VERSION_INFO_PREFIX = "";
			};
			name = Debug;
		};
		75D0C77D2174AF2000C64C93 /* Release */ = {
			isa = XCBuildConfiguration;
			buildSettings = {
				ALWAYS_SEARCH_USER_PATHS = NO;
				CLANG_ANALYZER_LOCALIZABILITY_NONLOCALIZED = YES;
				CLANG_ANALYZER_NONNULL = YES;
				CLANG_ANALYZER_NUMBER_OBJECT_CONVERSION = YES_AGGRESSIVE;
				CLANG_CXX_LANGUAGE_STANDARD = "gnu++14";
				CLANG_CXX_LIBRARY = "libc++";
				CLANG_ENABLE_MODULES = YES;
				CLANG_ENABLE_OBJC_ARC = YES;
				CLANG_ENABLE_OBJC_WEAK = YES;
				CLANG_WARN_BLOCK_CAPTURE_AUTORELEASING = YES;
				CLANG_WARN_BOOL_CONVERSION = YES;
				CLANG_WARN_COMMA = YES;
				CLANG_WARN_CONSTANT_CONVERSION = YES;
				CLANG_WARN_DEPRECATED_OBJC_IMPLEMENTATIONS = YES;
				CLANG_WARN_DIRECT_OBJC_ISA_USAGE = YES_ERROR;
				CLANG_WARN_DOCUMENTATION_COMMENTS = YES;
				CLANG_WARN_EMPTY_BODY = YES;
				CLANG_WARN_ENUM_CONVERSION = YES;
				CLANG_WARN_INFINITE_RECURSION = YES;
				CLANG_WARN_INT_CONVERSION = YES;
				CLANG_WARN_NON_LITERAL_NULL_CONVERSION = YES;
				CLANG_WARN_OBJC_IMPLICIT_RETAIN_SELF = YES;
				CLANG_WARN_OBJC_LITERAL_CONVERSION = YES;
				CLANG_WARN_OBJC_ROOT_CLASS = YES_ERROR;
				CLANG_WARN_QUOTED_INCLUDE_IN_FRAMEWORK_HEADER = YES;
				CLANG_WARN_RANGE_LOOP_ANALYSIS = YES;
				CLANG_WARN_STRICT_PROTOTYPES = YES;
				CLANG_WARN_SUSPICIOUS_MOVE = YES;
				CLANG_WARN_UNGUARDED_AVAILABILITY = YES_AGGRESSIVE;
				CLANG_WARN_UNREACHABLE_CODE = YES;
				CLANG_WARN__DUPLICATE_METHOD_MATCH = YES;
				CODE_SIGN_IDENTITY = "iPhone Developer";
				COPY_PHASE_STRIP = NO;
				CURRENT_PROJECT_VERSION = 1;
				DEBUG_INFORMATION_FORMAT = "dwarf-with-dsym";
				ENABLE_NS_ASSERTIONS = NO;
				ENABLE_STRICT_OBJC_MSGSEND = YES;
				GCC_C_LANGUAGE_STANDARD = gnu11;
				GCC_NO_COMMON_BLOCKS = YES;
				GCC_OPTIMIZATION_LEVEL = fast;
				GCC_WARN_64_TO_32_BIT_CONVERSION = YES;
				GCC_WARN_ABOUT_RETURN_TYPE = YES_ERROR;
				GCC_WARN_UNDECLARED_SELECTOR = YES;
				GCC_WARN_UNINITIALIZED_AUTOS = YES_AGGRESSIVE;
				GCC_WARN_UNUSED_FUNCTION = YES;
				GCC_WARN_UNUSED_VARIABLE = YES;
				IPHONEOS_DEPLOYMENT_TARGET = 17.0;
				LLVM_LTO = YES;
				MACOSX_DEPLOYMENT_TARGET = 14.0;
				MTL_ENABLE_DEBUG_INFO = NO;
				MTL_FAST_MATH = YES;
				SDKROOT = iphoneos;
				SWIFT_COMPILATION_MODE = wholemodule;
				SWIFT_OPTIMIZATION_LEVEL = "-O";
				VALIDATE_PRODUCT = YES;
				VERSIONING_SYSTEM = "apple-generic";
				VERSION_INFO_PREFIX = "";
			};
			name = Release;
		};
		75D0C77F2174AF2000C64C93 /* Debug */ = {
			isa = XCBuildConfiguration;
			buildSettings = {
				APPLICATION_EXTENSION_API_ONLY = YES;
				CODE_SIGN_IDENTITY = "";
				CODE_SIGN_STYLE = Automatic;
				DEFINES_MODULE = YES;
				DEVELOPMENT_TEAM = 84W4PHXS24;
				DYLIB_COMPATIBILITY_VERSION = 1;
				DYLIB_CURRENT_VERSION = 1;
				DYLIB_INSTALL_NAME_BASE = "@rpath";
				INFOPLIST_FILE = KeePassiumLib/Info.plist;
				INSTALL_PATH = "$(LOCAL_LIBRARY_DIR)/Frameworks";
				LD_RUNPATH_SEARCH_PATHS = (
					"$(inherited)",
					"@executable_path/Frameworks",
					"@loader_path/Frameworks",
				);
				PRODUCT_BUNDLE_IDENTIFIER = com.keepassium.ios.KeePassiumLib;
				PRODUCT_NAME = "$(TARGET_NAME:c99extidentifier)";
				SKIP_INSTALL = YES;
				SWIFT_VERSION = 5.0;
				TARGETED_DEVICE_FAMILY = "1,2";
			};
			name = Debug;
		};
		75D0C7802174AF2000C64C93 /* Release */ = {
			isa = XCBuildConfiguration;
			buildSettings = {
				APPLICATION_EXTENSION_API_ONLY = YES;
				CODE_SIGN_IDENTITY = "";
				CODE_SIGN_STYLE = Automatic;
				DEFINES_MODULE = YES;
				DEVELOPMENT_TEAM = 84W4PHXS24;
				DYLIB_COMPATIBILITY_VERSION = 1;
				DYLIB_CURRENT_VERSION = 1;
				DYLIB_INSTALL_NAME_BASE = "@rpath";
				INFOPLIST_FILE = KeePassiumLib/Info.plist;
				INSTALL_PATH = "$(LOCAL_LIBRARY_DIR)/Frameworks";
				LD_RUNPATH_SEARCH_PATHS = (
					"$(inherited)",
					"@executable_path/Frameworks",
					"@loader_path/Frameworks",
				);
				PRODUCT_BUNDLE_IDENTIFIER = com.keepassium.ios.KeePassiumLib;
				PRODUCT_NAME = "$(TARGET_NAME:c99extidentifier)";
				SKIP_INSTALL = YES;
				SWIFT_VERSION = 5.0;
				TARGETED_DEVICE_FAMILY = "1,2";
			};
			name = Release;
		};
/* End XCBuildConfiguration section */

/* Begin XCConfigurationList section */
		75D0C7642174AF1F00C64C93 /* Build configuration list for PBXProject "KeePassiumLib" */ = {
			isa = XCConfigurationList;
			buildConfigurations = (
				75D0C77C2174AF2000C64C93 /* Debug */,
				75D0C77D2174AF2000C64C93 /* Release */,
			);
			defaultConfigurationIsVisible = 0;
			defaultConfigurationName = Release;
		};
		75D0C77E2174AF2000C64C93 /* Build configuration list for PBXNativeTarget "KeePassiumLib" */ = {
			isa = XCConfigurationList;
			buildConfigurations = (
				75D0C77F2174AF2000C64C93 /* Debug */,
				75D0C7802174AF2000C64C93 /* Release */,
			);
			defaultConfigurationIsVisible = 0;
			defaultConfigurationName = Release;
		};
/* End XCConfigurationList section */

/* Begin XCRemoteSwiftPackageReference section */
		7528ABEE2CF6000800AFA17A /* XCRemoteSwiftPackageReference "SwiftCBOR" */ = {
			isa = XCRemoteSwiftPackageReference;
			repositoryURL = "https://github.com/keepassium/SwiftCBOR.git";
			requirement = {
				branch = "keepassium-156";
				kind = branch;
			};
		};
		7544570225CAE2D50011386C /* XCRemoteSwiftPackageReference "TPInAppReceipt" */ = {
			isa = XCRemoteSwiftPackageReference;
			repositoryURL = "https://github.com/tikhop/TPInAppReceipt";
			requirement = {
				kind = upToNextMajorVersion;
				minimumVersion = 4.0.2;
			};
		};
		757C51CD29F17D3C008986F4 /* XCRemoteSwiftPackageReference "SwiftDomainParser" */ = {
			isa = XCRemoteSwiftPackageReference;
			repositoryURL = "https://github.com/keepassium/SwiftDomainParser";
			requirement = {
				branch = keepassium;
				kind = branch;
			};
		};
/* End XCRemoteSwiftPackageReference section */

/* Begin XCSwiftPackageProductDependency section */
		7528ABEF2CF6000800AFA17A /* SwiftCBOR */ = {
			isa = XCSwiftPackageProductDependency;
			package = 7528ABEE2CF6000800AFA17A /* XCRemoteSwiftPackageReference "SwiftCBOR" */;
			productName = SwiftCBOR;
		};
		7544570325CAE2D50011386C /* TPInAppReceipt */ = {
			isa = XCSwiftPackageProductDependency;
			package = 7544570225CAE2D50011386C /* XCRemoteSwiftPackageReference "TPInAppReceipt" */;
			productName = TPInAppReceipt;
		};
		757C51CE29F17D3C008986F4 /* DomainParser */ = {
			isa = XCSwiftPackageProductDependency;
			package = 757C51CD29F17D3C008986F4 /* XCRemoteSwiftPackageReference "SwiftDomainParser" */;
			productName = DomainParser;
		};
/* End XCSwiftPackageProductDependency section */
	};
	rootObject = 75D0C7612174AF1F00C64C93 /* Project object */;
}
