{
  "originHash" : "586cb79ac08c4a621ab70b9de0a1f37f8fc203fa25a134216b57ae80c0030a02",
  "pins" : [
    {
      "identity" : "microsoft-authentication-library-for-objc",
      "kind" : "remoteSourceControl",
      "location" : "https://github.com/keepassium/microsoft-authentication-library-for-objc/",
      "state" : {
        "branch" : "keepassium",
        "revision" : "0e10cbc76a19cd1fd3d8cc4bcaa7fe428a3680ab"
      }
    },
    {
      "identity" : "yubikit-ios",
      "kind" : "remoteSourceControl",
      "location" : "https://github.com/keepassium/yubikit-ios.git",
      "state" : {
        "branch" : "keepassium",
        "revision" : "9c710563699a087a233b4659039c9a65f080d1dc"
      }
    },
    {
      "identity" : "zxcvbn-ios",
      "kind" : "remoteSourceControl",
      "location" : "https://github.com/keepassium/zxcvbn-ios/",
      "state" : {
        "branch" : "keepassium",
        "revision" : "7952c8fdd2cb64b2b397f8504947d92f6ee9e224"
      }
    }
  ],
  "version" : 3
}
