{
  "pins" : [
    {
      "identity" : "asn1swift",
      "kind" : "remoteSourceControl",
      "location" : "https://github.com/keepassium/ASN1Swift",
      "state" : {
        "revision" : "b53bee03a942623db25afc5bfb80227b2cb3b425",
        "version" : "1.2.4"
      }
    },
    {
      "identity" : "swiftdomainparser",
      "kind" : "remoteSourceControl",
      "location" : "https://github.com/keepassium/SwiftDomainParser",
      "state" : {
        "branch" : "keepassium",
        "revision" : "17642aa186caca61ab008dc5a4ebda770d93033a"
      }
    },
    {
      "identity" : "tpinappreceipt",
      "kind" : "remoteSourceControl",
      "location" : "https://github.com/keepassium/TPInAppReceipt",
      "state" : {
        "branch" : "keepassium",
        "revision" : "6630e3858f0d0a5803cede6f82afeaed5f5de7b6"
      }
    }
  ],
  "version" : 2
}
